version = 1
revision = 3
requires-python = ">=3.10"

[[package]]
name = "audigest"
version = "0.1.0"
source = { virtual = "." }
dependencies = [
    { name = "yt-dlp" },
]

[package.metadata]
requires-dist = [{ name = "yt-dlp", specifier = ">=2025.11.12" }]

[[package]]
name = "yt-dlp"
version = "2025.11.12"
source = { registry = "https://pypi.org/simple" }
sdist = { url = "https://files.pythonhosted.org/packages/cf/41/53ad8c6e74d6627bd598dfbb8ad7c19d5405e438210ad0bbaf1b288387e7/yt_dlp-2025.11.12.tar.gz", hash = "sha256:5f0795a6b8fc57a5c23332d67d6c6acf819a0b46b91a6324bae29414fa97f052", size = 3076928, upload-time = "2025-11-12T01:00:38.43Z" }
wheels = [
    { url = "https://files.pythonhosted.org/packages/5f/16/fdebbee6473473a1c0576bd165a50e4a70762484d638c1d59fa9074e175b/yt_dlp-2025.11.12-py3-none-any.whl", hash = "sha256:b47af37bbb16b08efebb36825a280ea25a507c051f93bf413a6e4a0e586c6e79", size = 3279151, upload-time = "2025-11-12T01:00:35.813Z" },
]
